
Microsoft Visual Studio Solution File, Format Version 12.00
# Visual Studio 15
VisualStudioVersion = 15.0.28307.421
MinimumVisualStudioVersion = 10.0.40219.1
Project("{FAE04EC0-301F-11D3-BF4B-00C04F79EFBC}") = "OracleDatabaseConnectionTest", "OracleDatabaseConnectionTest\OracleDatabaseConnectionTest.csproj", "{CCA1FCFC-F524-4680-94D9-9261CDC674E5}"
EndProject
Global
	GlobalSection(SolutionConfigurationPlatforms) = preSolution
		Debug|Any CPU = Debug|Any CPU
		Release|Any CPU = Release|Any CPU
	EndGlobalSection
	GlobalSection(ProjectConfigurationPlatforms) = postSolution
		{CCA1FCFC-F524-4680-94D9-9261CDC674E5}.Debug|Any CPU.ActiveCfg = Debug|Any CPU
		{CCA1FCFC-F524-4680-94D9-9261CDC674E5}.Debug|Any CPU.Build.0 = Debug|Any CPU
		{CCA1FCFC-F524-4680-94D9-9261CDC674E5}.Release|Any CPU.ActiveCfg = Release|Any CPU
		{CCA1FCFC-F524-4680-94D9-9261CDC674E5}.Release|Any CPU.Build.0 = Release|Any CPU
	EndGlobalSection
	GlobalSection(SolutionProperties) = preSolution
		HideSolutionNode = FALSE
	EndGlobalSection
	GlobalSection(ExtensibilityGlobals) = postSolution
		SolutionGuid = {810CB923-2263-4915-B5E0-83C462CC264C}
	EndGlobalSection
EndGlobal
